
Microsoft Visual Studio Solution File, Format Version 12.00
# Visual Studio Version 17
VisualStudioVersion = 17.7.34202.233
MinimumVisualStudioVersion = 10.0.40219.1
Project("{FAE04EC0-301F-11D3-BF4B-00C04F79EFBC}") = "Win03", "Win03\Win03.csproj", "{1E5DDAD3-5824-4FAC-A0E9-C3212724FFC3}"
EndProject
Project("{FAE04EC0-301F-11D3-BF4B-00C04F79EFBC}") = "Win03_B", "Win03_B\Win03_B.csproj", "{31C3D351-D58C-49EE-B130-EFFF3C71E473}"
EndProject
Global
	GlobalSection(SolutionConfigurationPlatforms) = preSolution
		Debug|Any CPU = Debug|Any CPU
		Release|Any CPU = Release|Any CPU
	EndGlobalSection
	GlobalSection(ProjectConfigurationPlatforms) = postSolution
		{1E5DDAD3-5824-4FAC-A0E9-C3212724FFC3}.Debug|Any CPU.ActiveCfg = Debug|Any CPU
		{1E5DDAD3-5824-4FAC-A0E9-C3212724FFC3}.Debug|Any CPU.Build.0 = Debug|Any CPU
		{1E5DDAD3-5824-4FAC-A0E9-C3212724FFC3}.Release|Any CPU.ActiveCfg = Release|Any CPU
		{1E5DDAD3-5824-4FAC-A0E9-C3212724FFC3}.Release|Any CPU.Build.0 = Release|Any CPU
		{31C3D351-D58C-49EE-B130-EFFF3C71E473}.Debug|Any CPU.ActiveCfg = Debug|Any CPU
		{31C3D351-D58C-49EE-B130-EFFF3C71E473}.Debug|Any CPU.Build.0 = Debug|Any CPU
		{31C3D351-D58C-49EE-B130-EFFF3C71E473}.Release|Any CPU.ActiveCfg = Release|Any CPU
		{31C3D351-D58C-49EE-B130-EFFF3C71E473}.Release|Any CPU.Build.0 = Release|Any CPU
	EndGlobalSection
	GlobalSection(SolutionProperties) = preSolution
		HideSolutionNode = FALSE
	EndGlobalSection
	GlobalSection(ExtensibilityGlobals) = postSolution
		SolutionGuid = {B506625B-D611-48D6-B2E3-DC80D0206B6B}
	EndGlobalSection
EndGlobal
