
Microsoft Visual Studio Solution File, Format Version 12.00
# Visual Studio Version 17
VisualStudioVersion = 17.7.34202.233
MinimumVisualStudioVersion = 10.0.40219.1
Project("{FAE04EC0-301F-11D3-BF4B-00C04F79EFBC}") = "Win03", "Win03\Win03.csproj", "{1E5DDAD3-5824-4FAC-A0E9-C3212724FFC3}"
EndProject
Project("{FAE04EC0-301F-11D3-BF4B-00C04F79EFBC}") = "Win03_B", "Win03_B\Win03_B.csproj", "{31C3D351-D58C-49EE-B130-EFFF3C71E473}"
EndProject
Project("{FAE04EC0-301F-11D3-BF4B-00C04F79EFBC}") = "Win03_C", "Win03_C\Win03_C.csproj", "{7385146B-5F66-4BC7-8AEA-494AB96D4B65}"
EndProject
Project("{FAE04EC0-301F-11D3-BF4B-00C04F79EFBC}") = "Win_D", "Win_D\Win_D.csproj", "{ED67C401-4E28-4332-A67C-A0F82FA1F6DF}"
EndProject
Project("{FAE04EC0-301F-11D3-BF4B-00C04F79EFBC}") = "Win_E", "Win_E\Win_E.csproj", "{25A962E4-05EC-4A94-A6C2-985B9D73E17E}"
EndProject
Project("{FAE04EC0-301F-11D3-BF4B-00C04F79EFBC}") = "Win03_F", "Win03_F\Win03_F.csproj", "{0C9F3330-9CA2-4127-BD87-EF223577E60D}"
EndProject
Global
	GlobalSection(SolutionConfigurationPlatforms) = preSolution
		Debug|Any CPU = Debug|Any CPU
		Release|Any CPU = Release|Any CPU
	EndGlobalSection
	GlobalSection(ProjectConfigurationPlatforms) = postSolution
		{1E5DDAD3-5824-4FAC-A0E9-C3212724FFC3}.Debug|Any CPU.ActiveCfg = Debug|Any CPU
		{1E5DDAD3-5824-4FAC-A0E9-C3212724FFC3}.Debug|Any CPU.Build.0 = Debug|Any CPU
		{1E5DDAD3-5824-4FAC-A0E9-C3212724FFC3}.Release|Any CPU.ActiveCfg = Release|Any CPU
		{1E5DDAD3-5824-4FAC-A0E9-C3212724FFC3}.Release|Any CPU.Build.0 = Release|Any CPU
		{31C3D351-D58C-49EE-B130-EFFF3C71E473}.Debug|Any CPU.ActiveCfg = Debug|Any CPU
		{31C3D351-D58C-49EE-B130-EFFF3C71E473}.Debug|Any CPU.Build.0 = Debug|Any CPU
		{31C3D351-D58C-49EE-B130-EFFF3C71E473}.Release|Any CPU.ActiveCfg = Release|Any CPU
		{31C3D351-D58C-49EE-B130-EFFF3C71E473}.Release|Any CPU.Build.0 = Release|Any CPU
		{7385146B-5F66-4BC7-8AEA-494AB96D4B65}.Debug|Any CPU.ActiveCfg = Debug|Any CPU
		{7385146B-5F66-4BC7-8AEA-494AB96D4B65}.Debug|Any CPU.Build.0 = Debug|Any CPU
		{7385146B-5F66-4BC7-8AEA-494AB96D4B65}.Release|Any CPU.ActiveCfg = Release|Any CPU
		{7385146B-5F66-4BC7-8AEA-494AB96D4B65}.Release|Any CPU.Build.0 = Release|Any CPU
		{ED67C401-4E28-4332-A67C-A0F82FA1F6DF}.Debug|Any CPU.ActiveCfg = Debug|Any CPU
		{ED67C401-4E28-4332-A67C-A0F82FA1F6DF}.Debug|Any CPU.Build.0 = Debug|Any CPU
		{ED67C401-4E28-4332-A67C-A0F82FA1F6DF}.Release|Any CPU.ActiveCfg = Release|Any CPU
		{ED67C401-4E28-4332-A67C-A0F82FA1F6DF}.Release|Any CPU.Build.0 = Release|Any CPU
		{25A962E4-05EC-4A94-A6C2-985B9D73E17E}.Debug|Any CPU.ActiveCfg = Debug|Any CPU
		{25A962E4-05EC-4A94-A6C2-985B9D73E17E}.Debug|Any CPU.Build.0 = Debug|Any CPU
		{25A962E4-05EC-4A94-A6C2-985B9D73E17E}.Release|Any CPU.ActiveCfg = Release|Any CPU
		{25A962E4-05EC-4A94-A6C2-985B9D73E17E}.Release|Any CPU.Build.0 = Release|Any CPU
		{0C9F3330-9CA2-4127-BD87-EF223577E60D}.Debug|Any CPU.ActiveCfg = Debug|Any CPU
		{0C9F3330-9CA2-4127-BD87-EF223577E60D}.Debug|Any CPU.Build.0 = Debug|Any CPU
		{0C9F3330-9CA2-4127-BD87-EF223577E60D}.Release|Any CPU.ActiveCfg = Release|Any CPU
		{0C9F3330-9CA2-4127-BD87-EF223577E60D}.Release|Any CPU.Build.0 = Release|Any CPU
	EndGlobalSection
	GlobalSection(SolutionProperties) = preSolution
		HideSolutionNode = FALSE
	EndGlobalSection
	GlobalSection(ExtensibilityGlobals) = postSolution
		SolutionGuid = {B506625B-D611-48D6-B2E3-DC80D0206B6B}
	EndGlobalSection
EndGlobal
